// !$*UTF8*$!
{
	archiveVersion = 1;
	classes = {
	};
	objectVersion = 56;
	objects = {

/* Begin PBXBuildFile section */
		991FA0052D1E3E47008CD497 /* App1196App.swift in Sources */ = {isa = PBXBuildFile; fileRef = 991FA0042D1E3E47008CD497 /* App1196App.swift */; };
		991FA0072D1E3E47008CD497 /* ContentView.swift in Sources */ = {isa = PBXBuildFile; fileRef = 991FA0062D1E3E47008CD497 /* ContentView.swift */; };
		991FA0092D1E3E4A008CD497 /* Assets.xcassets in Resources */ = {isa = PBXBuildFile; fileRef = 991FA0082D1E3E4A008CD497 /* Assets.xcassets */; };
		991FA00C2D1E3E4A008CD497 /* Preview Assets.xcassets in Resources */ = {isa = PBXBuildFile; fileRef = 991FA00B2D1E3E4A008CD497 /* Preview Assets.xcassets */; };
		991FA0152D1E3E85008CD497 /* Splash.swift in Sources */ = {isa = PBXBuildFile; fileRef = 991FA0142D1E3E85008CD497 /* Splash.swift */; };
		991FA0172D1E3E9A008CD497 /* Model.swift in Sources */ = {isa = PBXBuildFile; fileRef = 991FA0162D1E3E9A008CD497 /* Model.swift */; };
		991FA0192D1E40BF008CD497 /* Source.swift in Sources */ = {isa = PBXBuildFile; fileRef = 991FA0182D1E40BF008CD497 /* Source.swift */; };
		991FA01C2D1E4213008CD497 /* ConsumptionView.swift in Sources */ = {isa = PBXBuildFile; fileRef = 991FA01B2D1E4213008CD497 /* ConsumptionView.swift */; };
		991FA01E2D1E4714008CD497 /* AddConsumption.swift in Sources */ = {isa = PBXBuildFile; fileRef = 991FA01D2D1E4713008CD497 /* AddConsumption.swift */; };
		991FA0212D1E498C008CD497 /* TextFieldCustom.swift in Sources */ = {isa = PBXBuildFile; fileRef = 991FA0202D1E498C008CD497 /* TextFieldCustom.swift */; };
		991FA0232D1E4D83008CD497 /* ConsumptionCard.swift in Sources */ = {isa = PBXBuildFile; fileRef = 991FA0222D1E4D83008CD497 /* ConsumptionCard.swift */; };
		991FA0252D1E5779008CD497 /* ConsumptionEdit.swift in Sources */ = {isa = PBXBuildFile; fileRef = 991FA0242D1E5779008CD497 /* ConsumptionEdit.swift */; };
		991FA0272D1E59CC008CD497 /* Tab.swift in Sources */ = {isa = PBXBuildFile; fileRef = 991FA0262D1E59CC008CD497 /* Tab.swift */; };
		991FA02A2D1E5C2E008CD497 /* PriceView.swift in Sources */ = {isa = PBXBuildFile; fileRef = 991FA0292D1E5C2E008CD497 /* PriceView.swift */; };
		991FA02C2D1E5D79008CD497 /* AddPrice.swift in Sources */ = {isa = PBXBuildFile; fileRef = 991FA02B2D1E5D79008CD497 /* AddPrice.swift */; };
		991FA02E2D1E6100008CD497 /* PriceCard.swift in Sources */ = {isa = PBXBuildFile; fileRef = 991FA02D2D1E6100008CD497 /* PriceCard.swift */; };
		991FA0302D1E6615008CD497 /* EditPrice.swift in Sources */ = {isa = PBXBuildFile; fileRef = 991FA02F2D1E6615008CD497 /* EditPrice.swift */; };
		991FA0332D1E6792008CD497 /* GoalView.swift in Sources */ = {isa = PBXBuildFile; fileRef = 991FA0322D1E6792008CD497 /* GoalView.swift */; };
		991FA0352D1E6900008CD497 /* AddGoal.swift in Sources */ = {isa = PBXBuildFile; fileRef = 991FA0342D1E6900008CD497 /* AddGoal.swift */; };
		991FA0372D1E696A008CD497 /* GoalCard.swift in Sources */ = {isa = PBXBuildFile; fileRef = 991FA0362D1E696A008CD497 /* GoalCard.swift */; };
		991FA0392D1E6DAA008CD497 /* EditGoal.swift in Sources */ = {isa = PBXBuildFile; fileRef = 991FA0382D1E6DAA008CD497 /* EditGoal.swift */; };
		991FA03B2D1E6F4E008CD497 /* SettingsView.swift in Sources */ = {isa = PBXBuildFile; fileRef = 991FA03A2D1E6F4E008CD497 /* SettingsView.swift */; };
		991FA03E2D1E7599008CD497 /* CoreDataStack.swift in Sources */ = {isa = PBXBuildFile; fileRef = 991FA03D2D1E7599008CD497 /* CoreDataStack.swift */; };
		991FA0402D1E75B5008CD497 /* DataManager.swift in Sources */ = {isa = PBXBuildFile; fileRef = 991FA03F2D1E75B5008CD497 /* DataManager.swift */; };
		991FA0432D1E75E0008CD497 /* DataModel.xcdatamodeld in Sources */ = {isa = PBXBuildFile; fileRef = 991FA0412D1E75E0008CD497 /* DataModel.xcdatamodeld */; };
		991FA04A2D1E76AD008CD497 /* GoalCD+CoreDataClass.swift in Sources */ = {isa = PBXBuildFile; fileRef = 991FA0442D1E76AD008CD497 /* GoalCD+CoreDataClass.swift */; };
		991FA04B2D1E76AD008CD497 /* GoalCD+CoreDataProperties.swift in Sources */ = {isa = PBXBuildFile; fileRef = 991FA0452D1E76AD008CD497 /* GoalCD+CoreDataProperties.swift */; };
		991FA04C2D1E76AD008CD497 /* PriceCD+CoreDataClass.swift in Sources */ = {isa = PBXBuildFile; fileRef = 991FA0462D1E76AD008CD497 /* PriceCD+CoreDataClass.swift */; };
		991FA04D2D1E76AD008CD497 /* PriceCD+CoreDataProperties.swift in Sources */ = {isa = PBXBuildFile; fileRef = 991FA0472D1E76AD008CD497 /* PriceCD+CoreDataProperties.swift */; };
		991FA04E2D1E76AD008CD497 /* ConsumptionCD+CoreDataClass.swift in Sources */ = {isa = PBXBuildFile; fileRef = 991FA0482D1E76AD008CD497 /* ConsumptionCD+CoreDataClass.swift */; };
		991FA04F2D1E76AD008CD497 /* ConsumptionCD+CoreDataProperties.swift in Sources */ = {isa = PBXBuildFile; fileRef = 991FA0492D1E76AD008CD497 /* ConsumptionCD+CoreDataProperties.swift */; };
		995C6B912D2C1556009DB0D9 /* IsPrepared+CoreDataClass.swift in Sources */ = {isa = PBXBuildFile; fileRef = 995C6B8D2D2C1556009DB0D9 /* IsPrepared+CoreDataClass.swift */; };
		995C6B922D2C1556009DB0D9 /* IsPrepared+CoreDataProperties.swift in Sources */ = {isa = PBXBuildFile; fileRef = 995C6B8E2D2C1556009DB0D9 /* IsPrepared+CoreDataProperties.swift */; };
		995C6B932D2C1556009DB0D9 /* FoodTitle+CoreDataClass.swift in Sources */ = {isa = PBXBuildFile; fileRef = 995C6B8F2D2C1556009DB0D9 /* FoodTitle+CoreDataClass.swift */; };
		995C6B942D2C1556009DB0D9 /* FoodTitle+CoreDataProperties.swift in Sources */ = {isa = PBXBuildFile; fileRef = 995C6B902D2C1556009DB0D9 /* FoodTitle+CoreDataProperties.swift */; };
		995C6B962D2C1638009DB0D9 /* CookingView.swift in Sources */ = {isa = PBXBuildFile; fileRef = 995C6B952D2C1638009DB0D9 /* CookingView.swift */; };
/* End PBXBuildFile section */

/* Begin PBXFileReference section */
		991FA0012D1E3E47008CD497 /* App1196.app */ = {isa = PBXFileReference; explicitFileType = wrapper.application; includeInIndex = 0; path = App1196.app; sourceTree = BUILT_PRODUCTS_DIR; };
		991FA0042D1E3E47008CD497 /* App1196App.swift */ = {isa = PBXFileReference; lastKnownFileType = sourcecode.swift; path = App1196App.swift; sourceTree = "<group>"; };
		991FA0062D1E3E47008CD497 /* ContentView.swift */ = {isa = PBXFileReference; lastKnownFileType = sourcecode.swift; path = ContentView.swift; sourceTree = "<group>"; };
		991FA0082D1E3E4A008CD497 /* Assets.xcassets */ = {isa = PBXFileReference; lastKnownFileType = folder.assetcatalog; path = Assets.xcassets; sourceTree = "<group>"; };
		991FA00B2D1E3E4A008CD497 /* Preview Assets.xcassets */ = {isa = PBXFileReference; lastKnownFileType = folder.assetcatalog; path = "Preview Assets.xcassets"; sourceTree = "<group>"; };
		991FA0142D1E3E85008CD497 /* Splash.swift */ = {isa = PBXFileReference; lastKnownFileType = sourcecode.swift; path = Splash.swift; sourceTree = "<group>"; };
		991FA0162D1E3E9A008CD497 /* Model.swift */ = {isa = PBXFileReference; lastKnownFileType = sourcecode.swift; path = Model.swift; sourceTree = "<group>"; };
		991FA0182D1E40BF008CD497 /* Source.swift */ = {isa = PBXFileReference; lastKnownFileType = sourcecode.swift; path = Source.swift; sourceTree = "<group>"; };
		991FA01B2D1E4213008CD497 /* ConsumptionView.swift */ = {isa = PBXFileReference; lastKnownFileType = sourcecode.swift; path = ConsumptionView.swift; sourceTree = "<group>"; };
		991FA01D2D1E4713008CD497 /* AddConsumption.swift */ = {isa = PBXFileReference; lastKnownFileType = sourcecode.swift; path = AddConsumption.swift; sourceTree = "<group>"; };
		991FA0202D1E498C008CD497 /* TextFieldCustom.swift */ = {isa = PBXFileReference; lastKnownFileType = sourcecode.swift; path = TextFieldCustom.swift; sourceTree = "<group>"; };
		991FA0222D1E4D83008CD497 /* ConsumptionCard.swift */ = {isa = PBXFileReference; lastKnownFileType = sourcecode.swift; path = ConsumptionCard.swift; sourceTree = "<group>"; };
		991FA0242D1E5779008CD497 /* ConsumptionEdit.swift */ = {isa = PBXFileReference; lastKnownFileType = sourcecode.swift; path = ConsumptionEdit.swift; sourceTree = "<group>"; };
		991FA0262D1E59CC008CD497 /* Tab.swift */ = {isa = PBXFileReference; lastKnownFileType = sourcecode.swift; path = Tab.swift; sourceTree = "<group>"; };
		991FA0292D1E5C2E008CD497 /* PriceView.swift */ = {isa = PBXFileReference; lastKnownFileType = sourcecode.swift; path = PriceView.swift; sourceTree = "<group>"; };
		991FA02B2D1E5D79008CD497 /* AddPrice.swift */ = {isa = PBXFileReference; lastKnownFileType = sourcecode.swift; path = AddPrice.swift; sourceTree = "<group>"; };
		991FA02D2D1E6100008CD497 /* PriceCard.swift */ = {isa = PBXFileReference; lastKnownFileType = sourcecode.swift; path = PriceCard.swift; sourceTree = "<group>"; };
		991FA02F2D1E6615008CD497 /* EditPrice.swift */ = {isa = PBXFileReference; lastKnownFileType = sourcecode.swift; path = EditPrice.swift; sourceTree = "<group>"; };
		991FA0322D1E6792008CD497 /* GoalView.swift */ = {isa = PBXFileReference; lastKnownFileType = sourcecode.swift; path = GoalView.swift; sourceTree = "<group>"; };
		991FA0342D1E6900008CD497 /* AddGoal.swift */ = {isa = PBXFileReference; lastKnownFileType = sourcecode.swift; path = AddGoal.swift; sourceTree = "<group>"; };
		991FA0362D1E696A008CD497 /* GoalCard.swift */ = {isa = PBXFileReference; lastKnownFileType = sourcecode.swift; path = GoalCard.swift; sourceTree = "<group>"; };
		991FA0382D1E6DAA008CD497 /* EditGoal.swift */ = {isa = PBXFileReference; lastKnownFileType = sourcecode.swift; path = EditGoal.swift; sourceTree = "<group>"; };
		991FA03A2D1E6F4E008CD497 /* SettingsView.swift */ = {isa = PBXFileReference; lastKnownFileType = sourcecode.swift; path = SettingsView.swift; sourceTree = "<group>"; };
		991FA03D2D1E7599008CD497 /* CoreDataStack.swift */ = {isa = PBXFileReference; lastKnownFileType = sourcecode.swift; path = CoreDataStack.swift; sourceTree = "<group>"; };
		991FA03F2D1E75B5008CD497 /* DataManager.swift */ = {isa = PBXFileReference; lastKnownFileType = sourcecode.swift; path = DataManager.swift; sourceTree = "<group>"; };
		991FA0422D1E75E0008CD497 /* DataModel.xcdatamodel */ = {isa = PBXFileReference; lastKnownFileType = wrapper.xcdatamodel; path = DataModel.xcdatamodel; sourceTree = "<group>"; };
		991FA0442D1E76AD008CD497 /* GoalCD+CoreDataClass.swift */ = {isa = PBXFileReference; lastKnownFileType = sourcecode.swift; path = "GoalCD+CoreDataClass.swift"; sourceTree = "<group>"; };
		991FA0452D1E76AD008CD497 /* GoalCD+CoreDataProperties.swift */ = {isa = PBXFileReference; lastKnownFileType = sourcecode.swift; path = "GoalCD+CoreDataProperties.swift"; sourceTree = "<group>"; };
		991FA0462D1E76AD008CD497 /* PriceCD+CoreDataClass.swift */ = {isa = PBXFileReference; lastKnownFileType = sourcecode.swift; path = "PriceCD+CoreDataClass.swift"; sourceTree = "<group>"; };
		991FA0472D1E76AD008CD497 /* PriceCD+CoreDataProperties.swift */ = {isa = PBXFileReference; lastKnownFileType = sourcecode.swift; path = "PriceCD+CoreDataProperties.swift"; sourceTree = "<group>"; };
		991FA0482D1E76AD008CD497 /* ConsumptionCD+CoreDataClass.swift */ = {isa = PBXFileReference; lastKnownFileType = sourcecode.swift; path = "ConsumptionCD+CoreDataClass.swift"; sourceTree = "<group>"; };
		991FA0492D1E76AD008CD497 /* ConsumptionCD+CoreDataProperties.swift */ = {isa = PBXFileReference; lastKnownFileType = sourcecode.swift; path = "ConsumptionCD+CoreDataProperties.swift"; sourceTree = "<group>"; };
		995C6B8D2D2C1556009DB0D9 /* IsPrepared+CoreDataClass.swift */ = {isa = PBXFileReference; lastKnownFileType = sourcecode.swift; path = "IsPrepared+CoreDataClass.swift"; sourceTree = "<group>"; };
		995C6B8E2D2C1556009DB0D9 /* IsPrepared+CoreDataProperties.swift */ = {isa = PBXFileReference; lastKnownFileType = sourcecode.swift; path = "IsPrepared+CoreDataProperties.swift"; sourceTree = "<group>"; };
		995C6B8F2D2C1556009DB0D9 /* FoodTitle+CoreDataClass.swift */ = {isa = PBXFileReference; lastKnownFileType = sourcecode.swift; path = "FoodTitle+CoreDataClass.swift"; sourceTree = "<group>"; };
		995C6B902D2C1556009DB0D9 /* FoodTitle+CoreDataProperties.swift */ = {isa = PBXFileReference; lastKnownFileType = sourcecode.swift; path = "FoodTitle+CoreDataProperties.swift"; sourceTree = "<group>"; };
		995C6B952D2C1638009DB0D9 /* CookingView.swift */ = {isa = PBXFileReference; lastKnownFileType = sourcecode.swift; path = CookingView.swift; sourceTree = "<group>"; };
/* End PBXFileReference section */

/* Begin PBXFrameworksBuildPhase section */
		991F9FFE2D1E3E47008CD497 /* Frameworks */ = {
			isa = PBXFrameworksBuildPhase;
			buildActionMask = 2147483647;
			files = (
			);
			runOnlyForDeploymentPostprocessing = 0;
		};
/* End PBXFrameworksBuildPhase section */

/* Begin PBXGroup section */
		991F9FF82D1E3E47008CD497 = {
			isa = PBXGroup;
			children = (
				991FA0032D1E3E47008CD497 /* App1196 */,
				991FA0022D1E3E47008CD497 /* Products */,
			);
			sourceTree = "<group>";
		};
		991FA0022D1E3E47008CD497 /* Products */ = {
			isa = PBXGroup;
			children = (
				991FA0012D1E3E47008CD497 /* App1196.app */,
			);
			name = Products;
			sourceTree = "<group>";
		};
		991FA0032D1E3E47008CD497 /* App1196 */ = {
			isa = PBXGroup;
			children = (
				991FA03C2D1E7589008CD497 /* CoreData */,
				991FA0132D1E3E79008CD497 /* Model */,
				991FA0122D1E3E73008CD497 /* Views */,
				991FA0042D1E3E47008CD497 /* App1196App.swift */,
				991FA0062D1E3E47008CD497 /* ContentView.swift */,
				991FA0082D1E3E4A008CD497 /* Assets.xcassets */,
				991FA00A2D1E3E4A008CD497 /* Preview Content */,
				991FA0182D1E40BF008CD497 /* Source.swift */,
			);
			path = App1196;
			sourceTree = "<group>";
		};
		991FA00A2D1E3E4A008CD497 /* Preview Content */ = {
			isa = PBXGroup;
			children = (
				991FA00B2D1E3E4A008CD497 /* Preview Assets.xcassets */,
			);
			path = "Preview Content";
			sourceTree = "<group>";
		};
		991FA0122D1E3E73008CD497 /* Views */ = {
			isa = PBXGroup;
			children = (
				991FA0312D1E6785008CD497 /* GoalView */,
				991FA0282D1E5C11008CD497 /* PriceView */,
				991FA01F2D1E497B008CD497 /* Components */,
				991FA01A2D1E4203008CD497 /* Consumption */,
				991FA0142D1E3E85008CD497 /* Splash.swift */,
				991FA0262D1E59CC008CD497 /* Tab.swift */,
				991FA03A2D1E6F4E008CD497 /* SettingsView.swift */,
				995C6B952D2C1638009DB0D9 /* CookingView.swift */,
			);
			path = Views;
			sourceTree = "<group>";
		};
		991FA0132D1E3E79008CD497 /* Model */ = {
			isa = PBXGroup;
			children = (
				991FA0162D1E3E9A008CD497 /* Model.swift */,
			);
			path = Model;
			sourceTree = "<group>";
		};
		991FA01A2D1E4203008CD497 /* Consumption */ = {
			isa = PBXGroup;
			children = (
				991FA01B2D1E4213008CD497 /* ConsumptionView.swift */,
				991FA01D2D1E4713008CD497 /* AddConsumption.swift */,
				991FA0222D1E4D83008CD497 /* ConsumptionCard.swift */,
				991FA0242D1E5779008CD497 /* ConsumptionEdit.swift */,
			);
			path = Consumption;
			sourceTree = "<group>";
		};
		991FA01F2D1E497B008CD497 /* Components */ = {
			isa = PBXGroup;
			children = (
				991FA0202D1E498C008CD497 /* TextFieldCustom.swift */,
			);
			path = Components;
			sourceTree = "<group>";
		};
		991FA0282D1E5C11008CD497 /* PriceView */ = {
			isa = PBXGroup;
			children = (
				991FA0292D1E5C2E008CD497 /* PriceView.swift */,
				991FA02B2D1E5D79008CD497 /* AddPrice.swift */,
				991FA02D2D1E6100008CD497 /* PriceCard.swift */,
				991FA02F2D1E6615008CD497 /* EditPrice.swift */,
			);
			path = PriceView;
			sourceTree = "<group>";
		};
		991FA0312D1E6785008CD497 /* GoalView */ = {
			isa = PBXGroup;
			children = (
				991FA0322D1E6792008CD497 /* GoalView.swift */,
				991FA0342D1E6900008CD497 /* AddGoal.swift */,
				991FA0362D1E696A008CD497 /* GoalCard.swift */,
				991FA0382D1E6DAA008CD497 /* EditGoal.swift */,
			);
			path = GoalView;
			sourceTree = "<group>";
		};
		991FA03C2D1E7589008CD497 /* CoreData */ = {
			isa = PBXGroup;
			children = (
				995C6B8D2D2C1556009DB0D9 /* IsPrepared+CoreDataClass.swift */,
				995C6B8E2D2C1556009DB0D9 /* IsPrepared+CoreDataProperties.swift */,
				995C6B8F2D2C1556009DB0D9 /* FoodTitle+CoreDataClass.swift */,
				995C6B902D2C1556009DB0D9 /* FoodTitle+CoreDataProperties.swift */,
				991FA0442D1E76AD008CD497 /* GoalCD+CoreDataClass.swift */,
				991FA0452D1E76AD008CD497 /* GoalCD+CoreDataProperties.swift */,
				991FA0462D1E76AD008CD497 /* PriceCD+CoreDataClass.swift */,
				991FA0472D1E76AD008CD497 /* PriceCD+CoreDataProperties.swift */,
				991FA0482D1E76AD008CD497 /* ConsumptionCD+CoreDataClass.swift */,
				991FA0492D1E76AD008CD497 /* ConsumptionCD+CoreDataProperties.swift */,
				991FA03D2D1E7599008CD497 /* CoreDataStack.swift */,
				991FA03F2D1E75B5008CD497 /* DataManager.swift */,
				991FA0412D1E75E0008CD497 /* DataModel.xcdatamodeld */,
			);
			path = CoreData;
			sourceTree = "<group>";
		};
/* End PBXGroup section */

/* Begin PBXNativeTarget section */
		991FA0002D1E3E47008CD497 /* App1196 */ = {
			isa = PBXNativeTarget;
			buildConfigurationList = 991FA00F2D1E3E4A008CD497 /* Build configuration list for PBXNativeTarget "App1196" */;
			buildPhases = (
				991F9FFD2D1E3E47008CD497 /* Sources */,
				991F9FFE2D1E3E47008CD497 /* Frameworks */,
				991F9FFF2D1E3E47008CD497 /* Resources */,
			);
			buildRules = (
			);
			dependencies = (
			);
			name = App1196;
			productName = App1196;
			productReference = 991FA0012D1E3E47008CD497 /* App1196.app */;
			productType = "com.apple.product-type.application";
		};
/* End PBXNativeTarget section */

/* Begin PBXProject section */
		991F9FF92D1E3E47008CD497 /* Project object */ = {
			isa = PBXProject;
			attributes = {
				BuildIndependentTargetsInParallel = 1;
				LastSwiftUpdateCheck = 1540;
				LastUpgradeCheck = 1540;
				TargetAttributes = {
					991FA0002D1E3E47008CD497 = {
						CreatedOnToolsVersion = 15.4;
					};
				};
			};
			buildConfigurationList = 991F9FFC2D1E3E47008CD497 /* Build configuration list for PBXProject "App1196" */;
			compatibilityVersion = "Xcode 14.0";
			developmentRegion = en;
			hasScannedForEncodings = 0;
			knownRegions = (
				en,
				Base,
			);
			mainGroup = 991F9FF82D1E3E47008CD497;
			productRefGroup = 991FA0022D1E3E47008CD497 /* Products */;
			projectDirPath = "";
			projectRoot = "";
			targets = (
				991FA0002D1E3E47008CD497 /* App1196 */,
			);
		};
/* End PBXProject section */

/* Begin PBXResourcesBuildPhase section */
		991F9FFF2D1E3E47008CD497 /* Resources */ = {
			isa = PBXResourcesBuildPhase;
			buildActionMask = 2147483647;
			files = (
				991FA00C2D1E3E4A008CD497 /* Preview Assets.xcassets in Resources */,
				991FA0092D1E3E4A008CD497 /* Assets.xcassets in Resources */,
			);
			runOnlyForDeploymentPostprocessing = 0;
		};
/* End PBXResourcesBuildPhase section */

/* Begin PBXSourcesBuildPhase section */
		991F9FFD2D1E3E47008CD497 /* Sources */ = {
			isa = PBXSourcesBuildPhase;
			buildActionMask = 2147483647;
			files = (
				991FA03E2D1E7599008CD497 /* CoreDataStack.swift in Sources */,
				991FA0072D1E3E47008CD497 /* ContentView.swift in Sources */,
				991FA04A2D1E76AD008CD497 /* GoalCD+CoreDataClass.swift in Sources */,
				991FA04B2D1E76AD008CD497 /* GoalCD+CoreDataProperties.swift in Sources */,
				991FA04C2D1E76AD008CD497 /* PriceCD+CoreDataClass.swift in Sources */,
				991FA04D2D1E76AD008CD497 /* PriceCD+CoreDataProperties.swift in Sources */,
				991FA04E2D1E76AD008CD497 /* ConsumptionCD+CoreDataClass.swift in Sources */,
				991FA04F2D1E76AD008CD497 /* ConsumptionCD+CoreDataProperties.swift in Sources */,
				991FA0392D1E6DAA008CD497 /* EditGoal.swift in Sources */,
				991FA0152D1E3E85008CD497 /* Splash.swift in Sources */,
				991FA0232D1E4D83008CD497 /* ConsumptionCard.swift in Sources */,
				991FA01C2D1E4213008CD497 /* ConsumptionView.swift in Sources */,
				991FA03B2D1E6F4E008CD497 /* SettingsView.swift in Sources */,
				991FA0372D1E696A008CD497 /* GoalCard.swift in Sources */,
				991FA0052D1E3E47008CD497 /* App1196App.swift in Sources */,
				991FA0432D1E75E0008CD497 /* DataModel.xcdatamodeld in Sources */,
				991FA0272D1E59CC008CD497 /* Tab.swift in Sources */,
				991FA0302D1E6615008CD497 /* EditPrice.swift in Sources */,
				991FA0332D1E6792008CD497 /* GoalView.swift in Sources */,
				995C6B962D2C1638009DB0D9 /* CookingView.swift in Sources */,
				991FA0212D1E498C008CD497 /* TextFieldCustom.swift in Sources */,
				995C6B912D2C1556009DB0D9 /* IsPrepared+CoreDataClass.swift in Sources */,
				995C6B922D2C1556009DB0D9 /* IsPrepared+CoreDataProperties.swift in Sources */,
				995C6B932D2C1556009DB0D9 /* FoodTitle+CoreDataClass.swift in Sources */,
				995C6B942D2C1556009DB0D9 /* FoodTitle+CoreDataProperties.swift in Sources */,
				991FA01E2D1E4714008CD497 /* AddConsumption.swift in Sources */,
				991FA02A2D1E5C2E008CD497 /* PriceView.swift in Sources */,
				991FA02E2D1E6100008CD497 /* PriceCard.swift in Sources */,
				991FA0252D1E5779008CD497 /* ConsumptionEdit.swift in Sources */,
				991FA0352D1E6900008CD497 /* AddGoal.swift in Sources */,
				991FA0192D1E40BF008CD497 /* Source.swift in Sources */,
				991FA0402D1E75B5008CD497 /* DataManager.swift in Sources */,
				991FA02C2D1E5D79008CD497 /* AddPrice.swift in Sources */,
				991FA0172D1E3E9A008CD497 /* Model.swift in Sources */,
			);
			runOnlyForDeploymentPostprocessing = 0;
		};
/* End PBXSourcesBuildPhase section */

/* Begin XCBuildConfiguration section */
		991FA00D2D1E3E4A008CD497 /* Debug */ = {
			isa = XCBuildConfiguration;
			buildSettings = {
				ALWAYS_SEARCH_USER_PATHS = NO;
				ASSETCATALOG_COMPILER_GENERATE_SWIFT_ASSET_SYMBOL_EXTENSIONS = YES;
				CLANG_ANALYZER_NONNULL = YES;
				CLANG_ANALYZER_NUMBER_OBJECT_CONVERSION = YES_AGGRESSIVE;
				CLANG_CXX_LANGUAGE_STANDARD = "gnu++20";
				CLANG_ENABLE_MODULES = YES;
				CLANG_ENABLE_OBJC_ARC = YES;
				CLANG_ENABLE_OBJC_WEAK = YES;
				CLANG_WARN_BLOCK_CAPTURE_AUTORELEASING = YES;
				CLANG_WARN_BOOL_CONVERSION = YES;
				CLANG_WARN_COMMA = YES;
				CLANG_WARN_CONSTANT_CONVERSION = YES;
				CLANG_WARN_DEPRECATED_OBJC_IMPLEMENTATIONS = YES;
				CLANG_WARN_DIRECT_OBJC_ISA_USAGE = YES_ERROR;
				CLANG_WARN_DOCUMENTATION_COMMENTS = YES;
				CLANG_WARN_EMPTY_BODY = YES;
				CLANG_WARN_ENUM_CONVERSION = YES;
				CLANG_WARN_INFINITE_RECURSION = YES;
				CLANG_WARN_INT_CONVERSION = YES;
				CLANG_WARN_NON_LITERAL_NULL_CONVERSION = YES;
				CLANG_WARN_OBJC_IMPLICIT_RETAIN_SELF = YES;
				CLANG_WARN_OBJC_LITERAL_CONVERSION = YES;
				CLANG_WARN_OBJC_ROOT_CLASS = YES_ERROR;
				CLANG_WARN_QUOTED_INCLUDE_IN_FRAMEWORK_HEADER = YES;
				CLANG_WARN_RANGE_LOOP_ANALYSIS = YES;
				CLANG_WARN_STRICT_PROTOTYPES = YES;
				CLANG_WARN_SUSPICIOUS_MOVE = YES;
				CLANG_WARN_UNGUARDED_AVAILABILITY = YES_AGGRESSIVE;
				CLANG_WARN_UNREACHABLE_CODE = YES;
				CLANG_WARN__DUPLICATE_METHOD_MATCH = YES;
				COPY_PHASE_STRIP = NO;
				DEBUG_INFORMATION_FORMAT = dwarf;
				ENABLE_STRICT_OBJC_MSGSEND = YES;
				ENABLE_TESTABILITY = YES;
				ENABLE_USER_SCRIPT_SANDBOXING = YES;
				GCC_C_LANGUAGE_STANDARD = gnu17;
				GCC_DYNAMIC_NO_PIC = NO;
				GCC_NO_COMMON_BLOCKS = YES;
				GCC_OPTIMIZATION_LEVEL = 0;
				GCC_PREPROCESSOR_DEFINITIONS = (
					"DEBUG=1",
					"$(inherited)",
				);
				GCC_WARN_64_TO_32_BIT_CONVERSION = YES;
				GCC_WARN_ABOUT_RETURN_TYPE = YES_ERROR;
				GCC_WARN_UNDECLARED_SELECTOR = YES;
				GCC_WARN_UNINITIALIZED_AUTOS = YES_AGGRESSIVE;
				GCC_WARN_UNUSED_FUNCTION = YES;
				GCC_WARN_UNUSED_VARIABLE = YES;
				IPHONEOS_DEPLOYMENT_TARGET = 17.5;
				LOCALIZATION_PREFERS_STRING_CATALOGS = YES;
				MTL_ENABLE_DEBUG_INFO = INCLUDE_SOURCE;
				MTL_FAST_MATH = YES;
				ONLY_ACTIVE_ARCH = YES;
				SDKROOT = iphoneos;
				SWIFT_ACTIVE_COMPILATION_CONDITIONS = "DEBUG $(inherited)";
				SWIFT_OPTIMIZATION_LEVEL = "-Onone";
			};
			name = Debug;
		};
		991FA00E2D1E3E4A008CD497 /* Release */ = {
			isa = XCBuildConfiguration;
			buildSettings = {
				ALWAYS_SEARCH_USER_PATHS = NO;
				ASSETCATALOG_COMPILER_GENERATE_SWIFT_ASSET_SYMBOL_EXTENSIONS = YES;
				CLANG_ANALYZER_NONNULL = YES;
				CLANG_ANALYZER_NUMBER_OBJECT_CONVERSION = YES_AGGRESSIVE;
				CLANG_CXX_LANGUAGE_STANDARD = "gnu++20";
				CLANG_ENABLE_MODULES = YES;
				CLANG_ENABLE_OBJC_ARC = YES;
				CLANG_ENABLE_OBJC_WEAK = YES;
				CLANG_WARN_BLOCK_CAPTURE_AUTORELEASING = YES;
				CLANG_WARN_BOOL_CONVERSION = YES;
				CLANG_WARN_COMMA = YES;
				CLANG_WARN_CONSTANT_CONVERSION = YES;
				CLANG_WARN_DEPRECATED_OBJC_IMPLEMENTATIONS = YES;
				CLANG_WARN_DIRECT_OBJC_ISA_USAGE = YES_ERROR;
				CLANG_WARN_DOCUMENTATION_COMMENTS = YES;
				CLANG_WARN_EMPTY_BODY = YES;
				CLANG_WARN_ENUM_CONVERSION = YES;
				CLANG_WARN_INFINITE_RECURSION = YES;
				CLANG_WARN_INT_CONVERSION = YES;
				CLANG_WARN_NON_LITERAL_NULL_CONVERSION = YES;
				CLANG_WARN_OBJC_IMPLICIT_RETAIN_SELF = YES;
				CLANG_WARN_OBJC_LITERAL_CONVERSION = YES;
				CLANG_WARN_OBJC_ROOT_CLASS = YES_ERROR;
				CLANG_WARN_QUOTED_INCLUDE_IN_FRAMEWORK_HEADER = YES;
				CLANG_WARN_RANGE_LOOP_ANALYSIS = YES;
				CLANG_WARN_STRICT_PROTOTYPES = YES;
				CLANG_WARN_SUSPICIOUS_MOVE = YES;
				CLANG_WARN_UNGUARDED_AVAILABILITY = YES_AGGRESSIVE;
				CLANG_WARN_UNREACHABLE_CODE = YES;
				CLANG_WARN__DUPLICATE_METHOD_MATCH = YES;
				COPY_PHASE_STRIP = NO;
				DEBUG_INFORMATION_FORMAT = "dwarf-with-dsym";
				ENABLE_NS_ASSERTIONS = NO;
				ENABLE_STRICT_OBJC_MSGSEND = YES;
				ENABLE_USER_SCRIPT_SANDBOXING = YES;
				GCC_C_LANGUAGE_STANDARD = gnu17;
				GCC_NO_COMMON_BLOCKS = YES;
				GCC_WARN_64_TO_32_BIT_CONVERSION = YES;
				GCC_WARN_ABOUT_RETURN_TYPE = YES_ERROR;
				GCC_WARN_UNDECLARED_SELECTOR = YES;
				GCC_WARN_UNINITIALIZED_AUTOS = YES_AGGRESSIVE;
				GCC_WARN_UNUSED_FUNCTION = YES;
				GCC_WARN_UNUSED_VARIABLE = YES;
				IPHONEOS_DEPLOYMENT_TARGET = 17.5;
				LOCALIZATION_PREFERS_STRING_CATALOGS = YES;
				MTL_ENABLE_DEBUG_INFO = NO;
				MTL_FAST_MATH = YES;
				SDKROOT = iphoneos;
				SWIFT_COMPILATION_MODE = wholemodule;
				VALIDATE_PRODUCT = YES;
			};
			name = Release;
		};
		991FA0102D1E3E4A008CD497 /* Debug */ = {
			isa = XCBuildConfiguration;
			buildSettings = {
				ASSETCATALOG_COMPILER_APPICON_NAME = AppIcon;
				ASSETCATALOG_COMPILER_GLOBAL_ACCENT_COLOR_NAME = AccentColor;
				CODE_SIGN_STYLE = Automatic;
				CURRENT_PROJECT_VERSION = 1;
				DEVELOPMENT_ASSET_PATHS = "\"App1196/Preview Content\"";
				ENABLE_PREVIEWS = YES;
				GENERATE_INFOPLIST_FILE = YES;
				INFOPLIST_KEY_CFBundleDisplayName = "Sweet^Bonanza Goaks Tracker";
				INFOPLIST_KEY_UIApplicationSceneManifest_Generation = YES;
				INFOPLIST_KEY_UIApplicationSupportsIndirectInputEvents = YES;
				INFOPLIST_KEY_UILaunchScreen_Generation = YES;
				INFOPLIST_KEY_UISupportedInterfaceOrientations = "UIInterfaceOrientationLandscapeLeft UIInterfaceOrientationLandscapeRight UIInterfaceOrientationPortrait";
				INFOPLIST_KEY_UISupportedInterfaceOrientations_iPad = "UIInterfaceOrientationLandscapeLeft UIInterfaceOrientationLandscapeRight UIInterfaceOrientationPortrait UIInterfaceOrientationPortraitUpsideDown";
				IPHONEOS_DEPLOYMENT_TARGET = 14;
				LD_RUNPATH_SEARCH_PATHS = (
					"$(inherited)",
					"@executable_path/Frameworks",
				);
				MARKETING_VERSION = 1.3;
				PRODUCT_BUNDLE_IDENTIFIER = com.alt.sw33tg04lstr;
				PRODUCT_NAME = "$(TARGET_NAME)";
				SUPPORTED_PLATFORMS = "iphoneos iphonesimulator";
				SUPPORTS_MACCATALYST = NO;
				SUPPORTS_MAC_DESIGNED_FOR_IPHONE_IPAD = NO;
				SUPPORTS_XR_DESIGNED_FOR_IPHONE_IPAD = NO;
				SWIFT_EMIT_LOC_STRINGS = YES;
				SWIFT_VERSION = 5.0;
				TARGETED_DEVICE_FAMILY = 1;
			};
			name = Debug;
		};
		991FA0112D1E3E4A008CD497 /* Release */ = {
			isa = XCBuildConfiguration;
			buildSettings = {
				ASSETCATALOG_COMPILER_APPICON_NAME = AppIcon;
				ASSETCATALOG_COMPILER_GLOBAL_ACCENT_COLOR_NAME = AccentColor;
				CODE_SIGN_STYLE = Automatic;
				CURRENT_PROJECT_VERSION = 1;
				DEVELOPMENT_ASSET_PATHS = "\"App1196/Preview Content\"";
				ENABLE_PREVIEWS = YES;
				GENERATE_INFOPLIST_FILE = YES;
				INFOPLIST_KEY_CFBundleDisplayName = "Sweet^Bonanza Goaks Tracker";
				INFOPLIST_KEY_UIApplicationSceneManifest_Generation = YES;
				INFOPLIST_KEY_UIApplicationSupportsIndirectInputEvents = YES;
				INFOPLIST_KEY_UILaunchScreen_Generation = YES;
				INFOPLIST_KEY_UISupportedInterfaceOrientations = "UIInterfaceOrientationLandscapeLeft UIInterfaceOrientationLandscapeRight UIInterfaceOrientationPortrait";
				INFOPLIST_KEY_UISupportedInterfaceOrientations_iPad = "UIInterfaceOrientationLandscapeLeft UIInterfaceOrientationLandscapeRight UIInterfaceOrientationPortrait UIInterfaceOrientationPortraitUpsideDown";
				IPHONEOS_DEPLOYMENT_TARGET = 14;
				LD_RUNPATH_SEARCH_PATHS = (
					"$(inherited)",
					"@executable_path/Frameworks",
				);
				MARKETING_VERSION = 1.3;
				PRODUCT_BUNDLE_IDENTIFIER = com.alt.sw33tg04lstr;
				PRODUCT_NAME = "$(TARGET_NAME)";
				SUPPORTED_PLATFORMS = "iphoneos iphonesimulator";
				SUPPORTS_MACCATALYST = NO;
				SUPPORTS_MAC_DESIGNED_FOR_IPHONE_IPAD = NO;
				SUPPORTS_XR_DESIGNED_FOR_IPHONE_IPAD = NO;
				SWIFT_EMIT_LOC_STRINGS = YES;
				SWIFT_VERSION = 5.0;
				TARGETED_DEVICE_FAMILY = 1;
			};
			name = Release;
		};
/* End XCBuildConfiguration section */

/* Begin XCConfigurationList section */
		991F9FFC2D1E3E47008CD497 /* Build configuration list for PBXProject "App1196" */ = {
			isa = XCConfigurationList;
			buildConfigurations = (
				991FA00D2D1E3E4A008CD497 /* Debug */,
				991FA00E2D1E3E4A008CD497 /* Release */,
			);
			defaultConfigurationIsVisible = 0;
			defaultConfigurationName = Release;
		};
		991FA00F2D1E3E4A008CD497 /* Build configuration list for PBXNativeTarget "App1196" */ = {
			isa = XCConfigurationList;
			buildConfigurations = (
				991FA0102D1E3E4A008CD497 /* Debug */,
				991FA0112D1E3E4A008CD497 /* Release */,
			);
			defaultConfigurationIsVisible = 0;
			defaultConfigurationName = Release;
		};
/* End XCConfigurationList section */

/* Begin XCVersionGroup section */
		991FA0412D1E75E0008CD497 /* DataModel.xcdatamodeld */ = {
			isa = XCVersionGroup;
			children = (
				991FA0422D1E75E0008CD497 /* DataModel.xcdatamodel */,
			);
			currentVersion = 991FA0422D1E75E0008CD497 /* DataModel.xcdatamodel */;
			path = DataModel.xcdatamodeld;
			sourceTree = "<group>";
			versionGroupType = wrapper.xcdatamodel;
		};
/* End XCVersionGroup section */
	};
	rootObject = 991F9FF92D1E3E47008CD497 /* Project object */;
}
